
Microsoft Visual Studio Solution File, Format Version 12.00
# Visual Studio 15
VisualStudioVersion = 15.0.27428.2015
MinimumVisualStudioVersion = 10.0.40219.1
Project("{FAE04EC0-301F-11D3-BF4B-00C04F79EFBC}") = "LibraryManagementUsingDB", "LibraryManagementUsingDB\LibraryManagementUsingDB.csproj", "{F51168EE-2FBC-4AE8-92E1-13C62BD887BD}"
EndProject
Global
	GlobalSection(SolutionConfigurationPlatforms) = preSolution
		Debug|Any CPU = Debug|Any CPU
		Release|Any CPU = Release|Any CPU
	EndGlobalSection
	GlobalSection(ProjectConfigurationPlatforms) = postSolution
		{F51168EE-2FBC-4AE8-92E1-13C62BD887BD}.Debug|Any CPU.ActiveCfg = Debug|Any CPU
		{F51168EE-2FBC-4AE8-92E1-13C62BD887BD}.Debug|Any CPU.Build.0 = Debug|Any CPU
		{F51168EE-2FBC-4AE8-92E1-13C62BD887BD}.Release|Any CPU.ActiveCfg = Release|Any CPU
		{F51168EE-2FBC-4AE8-92E1-13C62BD887BD}.Release|Any CPU.Build.0 = Release|Any CPU
	EndGlobalSection
	GlobalSection(SolutionProperties) = preSolution
		HideSolutionNode = FALSE
	EndGlobalSection
	GlobalSection(ExtensibilityGlobals) = postSolution
		SolutionGuid = {97017FA0-2D3C-4892-B729-EE85A087515D}
	EndGlobalSection
EndGlobal
